
Microsoft Visual Studio Solution File, Format Version 12.00
# Visual Studio 15
Project("{FAE04EC0-301F-11D3-BF4B-00C04F79EFBC}") = "Assembly-CSharp", "Assembly-CSharp.csproj", "{7099C387-6316-A023-A1BE-83D02E0C238F}"
EndProject
Project("{FAE04EC0-301F-11D3-BF4B-00C04F79EFBC}") = "Assembly-CSharp-firstpass", "Assembly-CSharp-firstpass.csproj", "{FC011313-7E5A-268B-4D5C-374A5D4CEEF8}"
EndProject
Project("{FAE04EC0-301F-11D3-BF4B-00C04F79EFBC}") = "Assembly-CSharp-Editor", "Assembly-CSharp-Editor.csproj", "{BA1FFDF8-9073-9647-5CA4-4420B5A7FA1C}"
EndProject
Global
	GlobalSection(SolutionConfigurationPlatforms) = preSolution
		Debug|Any CPU = Debug|Any CPU
		Release|Any CPU = Release|Any CPU
	EndGlobalSection
	GlobalSection(ProjectConfigurationPlatforms) = postSolution
		{7099C387-6316-A023-A1BE-83D02E0C238F}.Debug|Any CPU.ActiveCfg = Debug|Any CPU
		{7099C387-6316-A023-A1BE-83D02E0C238F}.Debug|Any CPU.Build.0 = Debug|Any CPU
		{7099C387-6316-A023-A1BE-83D02E0C238F}.Release|Any CPU.ActiveCfg = Release|Any CPU
		{7099C387-6316-A023-A1BE-83D02E0C238F}.Release|Any CPU.Build.0 = Release|Any CPU
		{FC011313-7E5A-268B-4D5C-374A5D4CEEF8}.Debug|Any CPU.ActiveCfg = Debug|Any CPU
		{FC011313-7E5A-268B-4D5C-374A5D4CEEF8}.Debug|Any CPU.Build.0 = Debug|Any CPU
		{FC011313-7E5A-268B-4D5C-374A5D4CEEF8}.Release|Any CPU.ActiveCfg = Release|Any CPU
		{FC011313-7E5A-268B-4D5C-374A5D4CEEF8}.Release|Any CPU.Build.0 = Release|Any CPU
		{BA1FFDF8-9073-9647-5CA4-4420B5A7FA1C}.Debug|Any CPU.ActiveCfg = Debug|Any CPU
		{BA1FFDF8-9073-9647-5CA4-4420B5A7FA1C}.Debug|Any CPU.Build.0 = Debug|Any CPU
		{BA1FFDF8-9073-9647-5CA4-4420B5A7FA1C}.Release|Any CPU.ActiveCfg = Release|Any CPU
		{BA1FFDF8-9073-9647-5CA4-4420B5A7FA1C}.Release|Any CPU.Build.0 = Release|Any CPU
	EndGlobalSection
	GlobalSection(SolutionProperties) = preSolution
		HideSolutionNode = FALSE
	EndGlobalSection
EndGlobal
